{
  "version": 1,
  "dependencies": {
    "net8.0": {
      "Colourful": {
        "type": "Direct",
        "requested": "[3.1.0, )",
        "resolved": "3.1.0",
        "contentHash": "ZeiISkERDoKQfUYnr7L3H9LjRbcklIs932Ud1de81tK5Q9TkC+TZjQ5Vy1y70wd47JBcU/DcG+G0W0RNOMo29g=="
      },
      "DalamudPackager": {
        "type": "Direct",
        "requested": "[11.0.0, )",
        "resolved": "11.0.0",
        "contentHash": "bjT7XUlhIJSmsE/O76b7weUX+evvGQctbQB8aKXt94o+oPWxHpCepxAGMs7Thow3AzCyqWs7cOpp9/2wcgRRQA=="
      }
    }
  }
}