{
  "version": 1,
  "dependencies": {
    "net6.0": {
      "Colourful": {
        "type": "Direct",
        "requested": "[3.1.0, )",
        "resolved": "3.1.0",
        "contentHash": "ZeiISkERDoKQfUYnr7L3H9LjRbcklIs932Ud1de81tK5Q9TkC+TZjQ5Vy1y70wd47JBcU/DcG+G0W0RNOMo29g=="
      },
      "DalamudPackager": {
        "type": "Direct",
        "requested": "[2.1.8, )",
        "resolved": "2.1.8",
        "contentHash": "YqagNXs9InxmqkXzq7kLveImxnodkBEicAhydMXVp7dFjC7xb76U6zGgAax4/BWIWfZeWzr5DJyQSev31kj81A=="
      }
    }
  }
}