Microsoft Visual Studio Solution File, Format Version 12.00
VisualStudioVersion = 17.0.31423.177
MinimumVisualStudioVersion = 10.0.40219.1
Project("{9A19103F-16F7-4668-BE54-9A1E7A4F7556}") = "DelvUI", "DelvUI\DelvUI.csproj", "{47ED9FA0-F4D6-48B3-A0C7-6252FC014160}"
EndProject
Project("{2150E333-8FDC-42A3-9474-1A3956D46DE8}") = "Github Actions", "Github Actions", "{DA30F329-21B7-4179-A758-5B2760C15F20}"
	ProjectSection(SolutionItems) = preProject
		.github\ISSUE_TEMPLATE\BUG-REPORT.yaml = .github\ISSUE_TEMPLATE\BUG-REPORT.yaml
		.github\workflows\build.yml = .github\workflows\build.yml
		.github\FUNDING.yml = .github\FUNDING.yml
		.github\ISSUE_TEMPLATE\HELP-WANTED.yml = .github\ISSUE_TEMPLATE\HELP-WANTED.yml
		.github\ISSUE_TEMPLATE\SUGGESTION.yaml = .github\ISSUE_TEMPLATE\SUGGESTION.yaml
	EndProjectSection
EndProject
Project("{2150E333-8FDC-42A3-9474-1A3956D46DE8}") = "Solution Items", "Solution Items", "{226FB92B-E6FD-4D1A-9D6F-C4292450B706}"
	ProjectSection(SolutionItems) = preProject
		.editorconfig = .editorconfig
	EndProjectSection
EndProject
Project("{FAE04EC0-301F-11D3-BF4B-00C04F79EFBC}") = "FFXIVClientStructs", "lib\FFXIVClientStructs\FFXIVClientStructs\FFXIVClientStructs.csproj", "{B0460FDD-1484-4B36-8115-06D331CAAC31}"
EndProject
Project("{FAE04EC0-301F-11D3-BF4B-00C04F79EFBC}") = "FFXIVClientStructs.Common", "lib\FFXIVClientStructs\FFXIVClientStructs.Common\FFXIVClientStructs.Common.csproj", "{F0A551A3-AC75-490D-BD6F-00DA7F1204D6}"
EndProject
Project("{FAE04EC0-301F-11D3-BF4B-00C04F79EFBC}") = "FFXIVClientStructs.Generators", "lib\FFXIVClientStructs\FFXIVClientStructs.Generators\FFXIVClientStructs.Generators.csproj", "{DB81E322-7078-4F8F-88AF-62EABC0F24AD}"
EndProject
Global
	GlobalSection(SolutionConfigurationPlatforms) = preSolution
		Debug|Any CPU = Debug|Any CPU
		Release|Any CPU = Release|Any CPU
	EndGlobalSection
	GlobalSection(ProjectConfigurationPlatforms) = postSolution
		{47ED9FA0-F4D6-48B3-A0C7-6252FC014160}.Debug|Any CPU.ActiveCfg = Debug|x64
		{47ED9FA0-F4D6-48B3-A0C7-6252FC014160}.Debug|Any CPU.Build.0 = Debug|x64
		{47ED9FA0-F4D6-48B3-A0C7-6252FC014160}.Release|Any CPU.ActiveCfg = Release|x64
		{47ED9FA0-F4D6-48B3-A0C7-6252FC014160}.Release|Any CPU.Build.0 = Release|x64
		{B0460FDD-1484-4B36-8115-06D331CAAC31}.Debug|Any CPU.ActiveCfg = Debug|Any CPU
		{B0460FDD-1484-4B36-8115-06D331CAAC31}.Debug|Any CPU.Build.0 = Debug|Any CPU
		{B0460FDD-1484-4B36-8115-06D331CAAC31}.Release|Any CPU.ActiveCfg = Release|Any CPU
		{B0460FDD-1484-4B36-8115-06D331CAAC31}.Release|Any CPU.Build.0 = Release|Any CPU
		{F0A551A3-AC75-490D-BD6F-00DA7F1204D6}.Debug|Any CPU.ActiveCfg = Debug|Any CPU
		{F0A551A3-AC75-490D-BD6F-00DA7F1204D6}.Debug|Any CPU.Build.0 = Debug|Any CPU
		{F0A551A3-AC75-490D-BD6F-00DA7F1204D6}.Release|Any CPU.ActiveCfg = Release|Any CPU
		{F0A551A3-AC75-490D-BD6F-00DA7F1204D6}.Release|Any CPU.Build.0 = Release|Any CPU
		{DB81E322-7078-4F8F-88AF-62EABC0F24AD}.Debug|Any CPU.ActiveCfg = Debug|Any CPU
		{DB81E322-7078-4F8F-88AF-62EABC0F24AD}.Debug|Any CPU.Build.0 = Debug|Any CPU
		{DB81E322-7078-4F8F-88AF-62EABC0F24AD}.Release|Any CPU.ActiveCfg = Release|Any CPU
		{DB81E322-7078-4F8F-88AF-62EABC0F24AD}.Release|Any CPU.Build.0 = Release|Any CPU
	EndGlobalSection
	GlobalSection(SolutionProperties) = preSolution
		HideSolutionNode = FALSE
	EndGlobalSection
	GlobalSection(ExtensibilityGlobals) = postSolution
		SolutionGuid = {5821350D-9E05-4920-9364-B952C483B648}
	EndGlobalSection
EndGlobal
