
Microsoft Visual Studio Solution File, Format Version 12.00
# Visual Studio Version 16
VisualStudioVersion = 16.0.31613.86
MinimumVisualStudioVersion = 10.0.40219.1
Project("{FAE04EC0-301F-11D3-BF4B-00C04F79EFBC}") = "DelvUIPlugin", "DelvUIPlugin.csproj", "{47ED9FA0-F4D6-48B3-A0C7-6252FC014160}"
EndProject
Global
	GlobalSection(SolutionConfigurationPlatforms) = preSolution
		Debug|Any CPU = Debug|Any CPU
		Release|Any CPU = Release|Any CPU
	EndGlobalSection
	GlobalSection(ProjectConfigurationPlatforms) = postSolution
		{47ED9FA0-F4D6-48B3-A0C7-6252FC014160}.Debug|Any CPU.ActiveCfg = Debug|Any CPU
		{47ED9FA0-F4D6-48B3-A0C7-6252FC014160}.Debug|Any CPU.Build.0 = Debug|Any CPU
		{47ED9FA0-F4D6-48B3-A0C7-6252FC014160}.Release|Any CPU.ActiveCfg = Release|Any CPU
		{47ED9FA0-F4D6-48B3-A0C7-6252FC014160}.Release|Any CPU.Build.0 = Release|Any CPU
	EndGlobalSection
	GlobalSection(SolutionProperties) = preSolution
		HideSolutionNode = FALSE
	EndGlobalSection
	GlobalSection(ExtensibilityGlobals) = postSolution
		SolutionGuid = {0F7554C3-2A70-489C-8161-4B5D32693A7D}
	EndGlobalSection
EndGlobal
